
Microsoft Visual Studio Solution File, Format Version 11.00
# Visual Studio 2010
# SharpDevelop 5.1
Project("{FAE04EC0-301F-11D3-BF4B-00C04F79EFBC}") = "Pract1", "Pract1\Pract1.csproj", "{CC3FF67B-4BDA-43C6-A6EA-DD232C0DA0EA}"
EndProject
Global
	GlobalSection(SolutionConfigurationPlatforms) = preSolution
		Debug|Any CPU = Debug|Any CPU
		Release|Any CPU = Release|Any CPU
	EndGlobalSection
	GlobalSection(ProjectConfigurationPlatforms) = postSolution
		{CC3FF67B-4BDA-43C6-A6EA-DD232C0DA0EA}.Debug|Any CPU.ActiveCfg = Debug|Any CPU
		{CC3FF67B-4BDA-43C6-A6EA-DD232C0DA0EA}.Debug|Any CPU.Build.0 = Debug|Any CPU
		{CC3FF67B-4BDA-43C6-A6EA-DD232C0DA0EA}.Release|Any CPU.ActiveCfg = Release|Any CPU
		{CC3FF67B-4BDA-43C6-A6EA-DD232C0DA0EA}.Release|Any CPU.Build.0 = Release|Any CPU
	EndGlobalSection
EndGlobal
